// !$*UTF8*$!
{
	archiveVersion = 1;
	classes = {
	};
	objectVersion = 56;
	objects = {

/* Begin PBXBuildFile section */
		AECC41A8297F5B1D0027D9AA /* AppDelegate.swift in Sources */ = {isa = PBXBuildFile; fileRef = AECC41A7297F5B1D0027D9AA /* AppDelegate.swift */; };
		AECC41AA297F5B1D0027D9AA /* SceneDelegate.swift in Sources */ = {isa = PBXBuildFile; fileRef = AECC41A9297F5B1D0027D9AA /* SceneDelegate.swift */; };
		AECC41AC297F5B1D0027D9AA /* ViewController.swift in Sources */ = {isa = PBXBuildFile; fileRef = AECC41AB297F5B1D0027D9AA /* ViewController.swift */; };
		AECC41AF297F5B1D0027D9AA /* Main.storyboard in Resources */ = {isa = PBXBuildFile; fileRef = AECC41AD297F5B1D0027D9AA /* Main.storyboard */; };
		AECC41B1297F5B1E0027D9AA /* Assets.xcassets in Resources */ = {isa = PBXBuildFile; fileRef = AECC41B0297F5B1E0027D9AA /* Assets.xcassets */; };
		AECC41B4297F5B1E0027D9AA /* LaunchScreen.storyboard in Resources */ = {isa = PBXBuildFile; fileRef = AECC41B2297F5B1E0027D9AA /* LaunchScreen.storyboard */; };
		AECC41BF297F5B1E0027D9AA /* RecipesTests.swift in Sources */ = {isa = PBXBuildFile; fileRef = AECC41BE297F5B1E0027D9AA /* RecipesTests.swift */; };
		AECC41C9297F5B1E0027D9AA /* RecipesUITests.swift in Sources */ = {isa = PBXBuildFile; fileRef = AECC41C8297F5B1E0027D9AA /* RecipesUITests.swift */; };
		AECC41CB297F5B1E0027D9AA /* RecipesUITestsLaunchTests.swift in Sources */ = {isa = PBXBuildFile; fileRef = AECC41CA297F5B1E0027D9AA /* RecipesUITestsLaunchTests.swift */; };
/* End PBXBuildFile section */

/* Begin PBXContainerItemProxy section */
		AECC41BB297F5B1E0027D9AA /* PBXContainerItemProxy */ = {
			isa = PBXContainerItemProxy;
			containerPortal = AECC419C297F5B1D0027D9AA /* Project object */;
			proxyType = 1;
			remoteGlobalIDString = AECC41A3297F5B1D0027D9AA;
			remoteInfo = Recipes;
		};
		AECC41C5297F5B1E0027D9AA /* PBXContainerItemProxy */ = {
			isa = PBXContainerItemProxy;
			containerPortal = AECC419C297F5B1D0027D9AA /* Project object */;
			proxyType = 1;
			remoteGlobalIDString = AECC41A3297F5B1D0027D9AA;
			remoteInfo = Recipes;
		};
/* End PBXContainerItemProxy section */

/* Begin PBXFileReference section */
		AECC41A4297F5B1D0027D9AA /* Recipes.app */ = {isa = PBXFileReference; explicitFileType = wrapper.application; includeInIndex = 0; path = Recipes.app; sourceTree = BUILT_PRODUCTS_DIR; };
		AECC41A7297F5B1D0027D9AA /* AppDelegate.swift */ = {isa = PBXFileReference; lastKnownFileType = sourcecode.swift; path = AppDelegate.swift; sourceTree = "<group>"; };
		AECC41A9297F5B1D0027D9AA /* SceneDelegate.swift */ = {isa = PBXFileReference; lastKnownFileType = sourcecode.swift; path = SceneDelegate.swift; sourceTree = "<group>"; };
		AECC41AB297F5B1D0027D9AA /* ViewController.swift */ = {isa = PBXFileReference; lastKnownFileType = sourcecode.swift; path = ViewController.swift; sourceTree = "<group>"; };
		AECC41AE297F5B1D0027D9AA /* Base */ = {isa = PBXFileReference; lastKnownFileType = file.storyboard; name = Base; path = Base.lproj/Main.storyboard; sourceTree = "<group>"; };
		AECC41B0297F5B1E0027D9AA /* Assets.xcassets */ = {isa = PBXFileReference; lastKnownFileType = folder.assetcatalog; path = Assets.xcassets; sourceTree = "<group>"; };
		AECC41B3297F5B1E0027D9AA /* Base */ = {isa = PBXFileReference; lastKnownFileType = file.storyboard; name = Base; path = Base.lproj/LaunchScreen.storyboard; sourceTree = "<group>"; };
		AECC41B5297F5B1E0027D9AA /* Info.plist */ = {isa = PBXFileReference; lastKnownFileType = text.plist.xml; path = Info.plist; sourceTree = "<group>"; };
		AECC41BA297F5B1E0027D9AA /* RecipesTests.xctest */ = {isa = PBXFileReference; explicitFileType = wrapper.cfbundle; includeInIndex = 0; path = RecipesTests.xctest; sourceTree = BUILT_PRODUCTS_DIR; };
		AECC41BE297F5B1E0027D9AA /* RecipesTests.swift */ = {isa = PBXFileReference; lastKnownFileType = sourcecode.swift; path = RecipesTests.swift; sourceTree = "<group>"; };
		AECC41C4297F5B1E0027D9AA /* RecipesUITests.xctest */ = {isa = PBXFileReference; explicitFileType = wrapper.cfbundle; includeInIndex = 0; path = RecipesUITests.xctest; sourceTree = BUILT_PRODUCTS_DIR; };
		AECC41C8297F5B1E0027D9AA /* RecipesUITests.swift */ = {isa = PBXFileReference; lastKnownFileType = sourcecode.swift; path = RecipesUITests.swift; sourceTree = "<group>"; };
		AECC41CA297F5B1E0027D9AA /* RecipesUITestsLaunchTests.swift */ = {isa = PBXFileReference; lastKnownFileType = sourcecode.swift; path = RecipesUITestsLaunchTests.swift; sourceTree = "<group>"; };
/* End PBXFileReference section */

/* Begin PBXFrameworksBuildPhase section */
		AECC41A1297F5B1D0027D9AA /* Frameworks */ = {
			isa = PBXFrameworksBuildPhase;
			buildActionMask = 2147483647;
			files = (
			);
			runOnlyForDeploymentPostprocessing = 0;
		};
		AECC41B7297F5B1E0027D9AA /* Frameworks */ = {
			isa = PBXFrameworksBuildPhase;
			buildActionMask = 2147483647;
			files = (
			);
			runOnlyForDeploymentPostprocessing = 0;
		};
		AECC41C1297F5B1E0027D9AA /* Frameworks */ = {
			isa = PBXFrameworksBuildPhase;
			buildActionMask = 2147483647;
			files = (
			);
			runOnlyForDeploymentPostprocessing = 0;
		};
/* End PBXFrameworksBuildPhase section */

/* Begin PBXGroup section */
		AECC419B297F5B1D0027D9AA = {
			isa = PBXGroup;
			children = (
				AECC41A6297F5B1D0027D9AA /* Recipes */,
				AECC41BD297F5B1E0027D9AA /* RecipesTests */,
				AECC41C7297F5B1E0027D9AA /* RecipesUITests */,
				AECC41A5297F5B1D0027D9AA /* Products */,
			);
			sourceTree = "<group>";
		};
		AECC41A5297F5B1D0027D9AA /* Products */ = {
			isa = PBXGroup;
			children = (
				AECC41A4297F5B1D0027D9AA /* Recipes.app */,
				AECC41BA297F5B1E0027D9AA /* RecipesTests.xctest */,
				AECC41C4297F5B1E0027D9AA /* RecipesUITests.xctest */,
			);
			name = Products;
			sourceTree = "<group>";
		};
		AECC41A6297F5B1D0027D9AA /* Recipes */ = {
			isa = PBXGroup;
			children = (
				AECC41A7297F5B1D0027D9AA /* AppDelegate.swift */,
				AECC41A9297F5B1D0027D9AA /* SceneDelegate.swift */,
				AECC41AB297F5B1D0027D9AA /* ViewController.swift */,
				AECC41AD297F5B1D0027D9AA /* Main.storyboard */,
				AECC41B0297F5B1E0027D9AA /* Assets.xcassets */,
				AECC41B2297F5B1E0027D9AA /* LaunchScreen.storyboard */,
				AECC41B5297F5B1E0027D9AA /* Info.plist */,
			);
			path = Recipes;
			sourceTree = "<group>";
		};
		AECC41BD297F5B1E0027D9AA /* RecipesTests */ = {
			isa = PBXGroup;
			children = (
				AECC41BE297F5B1E0027D9AA /* RecipesTests.swift */,
			);
			path = RecipesTests;
			sourceTree = "<group>";
		};
		AECC41C7297F5B1E0027D9AA /* RecipesUITests */ = {
			isa = PBXGroup;
			children = (
				AECC41C8297F5B1E0027D9AA /* RecipesUITests.swift */,
				AECC41CA297F5B1E0027D9AA /* RecipesUITestsLaunchTests.swift */,
			);
			path = RecipesUITests;
			sourceTree = "<group>";
		};
/* End PBXGroup section */

/* Begin PBXNativeTarget section */
		AECC41A3297F5B1D0027D9AA /* Recipes */ = {
			isa = PBXNativeTarget;
			buildConfigurationList = AECC41CE297F5B1E0027D9AA /* Build configuration list for PBXNativeTarget "Recipes" */;
			buildPhases = (
				AECC41A0297F5B1D0027D9AA /* Sources */,
				AECC41A1297F5B1D0027D9AA /* Frameworks */,
				AECC41A2297F5B1D0027D9AA /* Resources */,
			);
			buildRules = (
			);
			dependencies = (
			);
			name = Recipes;
			productName = Recipes;
			productReference = AECC41A4297F5B1D0027D9AA /* Recipes.app */;
			productType = "com.apple.product-type.application";
		};
		AECC41B9297F5B1E0027D9AA /* RecipesTests */ = {
			isa = PBXNativeTarget;
			buildConfigurationList = AECC41D1297F5B1E0027D9AA /* Build configuration list for PBXNativeTarget "RecipesTests" */;
			buildPhases = (
				AECC41B6297F5B1E0027D9AA /* Sources */,
				AECC41B7297F5B1E0027D9AA /* Frameworks */,
				AECC41B8297F5B1E0027D9AA /* Resources */,
			);
			buildRules = (
			);
			dependencies = (
				AECC41BC297F5B1E0027D9AA /* PBXTargetDependency */,
			);
			name = RecipesTests;
			productName = RecipesTests;
			productReference = AECC41BA297F5B1E0027D9AA /* RecipesTests.xctest */;
			productType = "com.apple.product-type.bundle.unit-test";
		};
		AECC41C3297F5B1E0027D9AA /* RecipesUITests */ = {
			isa = PBXNativeTarget;
			buildConfigurationList = AECC41D4297F5B1E0027D9AA /* Build configuration list for PBXNativeTarget "RecipesUITests" */;
			buildPhases = (
				AECC41C0297F5B1E0027D9AA /* Sources */,
				AECC41C1297F5B1E0027D9AA /* Frameworks */,
				AECC41C2297F5B1E0027D9AA /* Resources */,
			);
			buildRules = (
			);
			dependencies = (
				AECC41C6297F5B1E0027D9AA /* PBXTargetDependency */,
			);
			name = RecipesUITests;
			productName = RecipesUITests;
			productReference = AECC41C4297F5B1E0027D9AA /* RecipesUITests.xctest */;
			productType = "com.apple.product-type.bundle.ui-testing";
		};
/* End PBXNativeTarget section */

/* Begin PBXProject section */
		AECC419C297F5B1D0027D9AA /* Project object */ = {
			isa = PBXProject;
			attributes = {
				BuildIndependentTargetsInParallel = 1;
				LastSwiftUpdateCheck = 1420;
				LastUpgradeCheck = 1420;
				TargetAttributes = {
					AECC41A3297F5B1D0027D9AA = {
						CreatedOnToolsVersion = 14.2;
					};
					AECC41B9297F5B1E0027D9AA = {
						CreatedOnToolsVersion = 14.2;
						TestTargetID = AECC41A3297F5B1D0027D9AA;
					};
					AECC41C3297F5B1E0027D9AA = {
						CreatedOnToolsVersion = 14.2;
						TestTargetID = AECC41A3297F5B1D0027D9AA;
					};
				};
			};
			buildConfigurationList = AECC419F297F5B1D0027D9AA /* Build configuration list for PBXProject "Recipes" */;
			compatibilityVersion = "Xcode 14.0";
			developmentRegion = en;
			hasScannedForEncodings = 0;
			knownRegions = (
				en,
				Base,
			);
			mainGroup = AECC419B297F5B1D0027D9AA;
			productRefGroup = AECC41A5297F5B1D0027D9AA /* Products */;
			projectDirPath = "";
			projectRoot = "";
			targets = (
				AECC41A3297F5B1D0027D9AA /* Recipes */,
				AECC41B9297F5B1E0027D9AA /* RecipesTests */,
				AECC41C3297F5B1E0027D9AA /* RecipesUITests */,
			);
		};
/* End PBXProject section */

/* Begin PBXResourcesBuildPhase section */
		AECC41A2297F5B1D0027D9AA /* Resources */ = {
			isa = PBXResourcesBuildPhase;
			buildActionMask = 2147483647;
			files = (
				AECC41B4297F5B1E0027D9AA /* LaunchScreen.storyboard in Resources */,
				AECC41B1297F5B1E0027D9AA /* Assets.xcassets in Resources */,
				AECC41AF297F5B1D0027D9AA /* Main.storyboard in Resources */,
			);
			runOnlyForDeploymentPostprocessing = 0;
		};
		AECC41B8297F5B1E0027D9AA /* Resources */ = {
			isa = PBXResourcesBuildPhase;
			buildActionMask = 2147483647;
			files = (
			);
			runOnlyForDeploymentPostprocessing = 0;
		};
		AECC41C2297F5B1E0027D9AA /* Resources */ = {
			isa = PBXResourcesBuildPhase;
			buildActionMask = 2147483647;
			files = (
			);
			runOnlyForDeploymentPostprocessing = 0;
		};
/* End PBXResourcesBuildPhase section */

/* Begin PBXSourcesBuildPhase section */
		AECC41A0297F5B1D0027D9AA /* Sources */ = {
			isa = PBXSourcesBuildPhase;
			buildActionMask = 2147483647;
			files = (
				AECC41AC297F5B1D0027D9AA /* ViewController.swift in Sources */,
				AECC41A8297F5B1D0027D9AA /* AppDelegate.swift in Sources */,
				AECC41AA297F5B1D0027D9AA /* SceneDelegate.swift in Sources */,
			);
			runOnlyForDeploymentPostprocessing = 0;
		};
		AECC41B6297F5B1E0027D9AA /* Sources */ = {
			isa = PBXSourcesBuildPhase;
			buildActionMask = 2147483647;
			files = (
				AECC41BF297F5B1E0027D9AA /* RecipesTests.swift in Sources */,
			);
			runOnlyForDeploymentPostprocessing = 0;
		};
		AECC41C0297F5B1E0027D9AA /* Sources */ = {
			isa = PBXSourcesBuildPhase;
			buildActionMask = 2147483647;
			files = (
				AECC41CB297F5B1E0027D9AA /* RecipesUITestsLaunchTests.swift in Sources */,
				AECC41C9297F5B1E0027D9AA /* RecipesUITests.swift in Sources */,
			);
			runOnlyForDeploymentPostprocessing = 0;
		};
/* End PBXSourcesBuildPhase section */

/* Begin PBXTargetDependency section */
		AECC41BC297F5B1E0027D9AA /* PBXTargetDependency */ = {
			isa = PBXTargetDependency;
			target = AECC41A3297F5B1D0027D9AA /* Recipes */;
			targetProxy = AECC41BB297F5B1E0027D9AA /* PBXContainerItemProxy */;
		};
		AECC41C6297F5B1E0027D9AA /* PBXTargetDependency */ = {
			isa = PBXTargetDependency;
			target = AECC41A3297F5B1D0027D9AA /* Recipes */;
			targetProxy = AECC41C5297F5B1E0027D9AA /* PBXContainerItemProxy */;
		};
/* End PBXTargetDependency section */

/* Begin PBXVariantGroup section */
		AECC41AD297F5B1D0027D9AA /* Main.storyboard */ = {
			isa = PBXVariantGroup;
			children = (
				AECC41AE297F5B1D0027D9AA /* Base */,
			);
			name = Main.storyboard;
			sourceTree = "<group>";
		};
		AECC41B2297F5B1E0027D9AA /* LaunchScreen.storyboard */ = {
			isa = PBXVariantGroup;
			children = (
				AECC41B3297F5B1E0027D9AA /* Base */,
			);
			name = LaunchScreen.storyboard;
			sourceTree = "<group>";
		};
/* End PBXVariantGroup section */

/* Begin XCBuildConfiguration section */
		AECC41CC297F5B1E0027D9AA /* Debug */ = {
			isa = XCBuildConfiguration;
			buildSettings = {
				ALWAYS_SEARCH_USER_PATHS = NO;
				CLANG_ANALYZER_NONNULL = YES;
				CLANG_ANALYZER_NUMBER_OBJECT_CONVERSION = YES_AGGRESSIVE;
				CLANG_CXX_LANGUAGE_STANDARD = "gnu++20";
				CLANG_ENABLE_MODULES = YES;
				CLANG_ENABLE_OBJC_ARC = YES;
				CLANG_ENABLE_OBJC_WEAK = YES;
				CLANG_WARN_BLOCK_CAPTURE_AUTORELEASING = YES;
				CLANG_WARN_BOOL_CONVERSION = YES;
				CLANG_WARN_COMMA = YES;
				CLANG_WARN_CONSTANT_CONVERSION = YES;
				CLANG_WARN_DEPRECATED_OBJC_IMPLEMENTATIONS = YES;
				CLANG_WARN_DIRECT_OBJC_ISA_USAGE = YES_ERROR;
				CLANG_WARN_DOCUMENTATION_COMMENTS = YES;
				CLANG_WARN_EMPTY_BODY = YES;
				CLANG_WARN_ENUM_CONVERSION = YES;
				CLANG_WARN_INFINITE_RECURSION = YES;
				CLANG_WARN_INT_CONVERSION = YES;
				CLANG_WARN_NON_LITERAL_NULL_CONVERSION = YES;
				CLANG_WARN_OBJC_IMPLICIT_RETAIN_SELF = YES;
				CLANG_WARN_OBJC_LITERAL_CONVERSION = YES;
				CLANG_WARN_OBJC_ROOT_CLASS = YES_ERROR;
				CLANG_WARN_QUOTED_INCLUDE_IN_FRAMEWORK_HEADER = YES;
				CLANG_WARN_RANGE_LOOP_ANALYSIS = YES;
				CLANG_WARN_STRICT_PROTOTYPES = YES;
				CLANG_WARN_SUSPICIOUS_MOVE = YES;
				CLANG_WARN_UNGUARDED_AVAILABILITY = YES_AGGRESSIVE;
				CLANG_WARN_UNREACHABLE_CODE = YES;
				CLANG_WARN__DUPLICATE_METHOD_MATCH = YES;
				COPY_PHASE_STRIP = NO;
				DEBUG_INFORMATION_FORMAT = dwarf;
				ENABLE_STRICT_OBJC_MSGSEND = YES;
				ENABLE_TESTABILITY = YES;
				GCC_C_LANGUAGE_STANDARD = gnu11;
				GCC_DYNAMIC_NO_PIC = NO;
				GCC_NO_COMMON_BLOCKS = YES;
				GCC_OPTIMIZATION_LEVEL = 0;
				GCC_PREPROCESSOR_DEFINITIONS = (
					"DEBUG=1",
					"$(inherited)",
				);
				GCC_WARN_64_TO_32_BIT_CONVERSION = YES;
				GCC_WARN_ABOUT_RETURN_TYPE = YES_ERROR;
				GCC_WARN_UNDECLARED_SELECTOR = YES;
				GCC_WARN_UNINITIALIZED_AUTOS = YES_AGGRESSIVE;
				GCC_WARN_UNUSED_FUNCTION = YES;
				GCC_WARN_UNUSED_VARIABLE = YES;
				IPHONEOS_DEPLOYMENT_TARGET = 16.2;
				MTL_ENABLE_DEBUG_INFO = INCLUDE_SOURCE;
				MTL_FAST_MATH = YES;
				ONLY_ACTIVE_ARCH = YES;
				SDKROOT = iphoneos;
				SWIFT_ACTIVE_COMPILATION_CONDITIONS = DEBUG;
				SWIFT_OPTIMIZATION_LEVEL = "-Onone";
			};
			name = Debug;
		};
		AECC41CD297F5B1E0027D9AA /* Release */ = {
			isa = XCBuildConfiguration;
			buildSettings = {
				ALWAYS_SEARCH_USER_PATHS = NO;
				CLANG_ANALYZER_NONNULL = YES;
				CLANG_ANALYZER_NUMBER_OBJECT_CONVERSION = YES_AGGRESSIVE;
				CLANG_CXX_LANGUAGE_STANDARD = "gnu++20";
				CLANG_ENABLE_MODULES = YES;
				CLANG_ENABLE_OBJC_ARC = YES;
				CLANG_ENABLE_OBJC_WEAK = YES;
				CLANG_WARN_BLOCK_CAPTURE_AUTORELEASING = YES;
				CLANG_WARN_BOOL_CONVERSION = YES;
				CLANG_WARN_COMMA = YES;
				CLANG_WARN_CONSTANT_CONVERSION = YES;
				CLANG_WARN_DEPRECATED_OBJC_IMPLEMENTATIONS = YES;
				CLANG_WARN_DIRECT_OBJC_ISA_USAGE = YES_ERROR;
				CLANG_WARN_DOCUMENTATION_COMMENTS = YES;
				CLANG_WARN_EMPTY_BODY = YES;
				CLANG_WARN_ENUM_CONVERSION = YES;
				CLANG_WARN_INFINITE_RECURSION = YES;
				CLANG_WARN_INT_CONVERSION = YES;
				CLANG_WARN_NON_LITERAL_NULL_CONVERSION = YES;
				CLANG_WARN_OBJC_IMPLICIT_RETAIN_SELF = YES;
				CLANG_WARN_OBJC_LITERAL_CONVERSION = YES;
				CLANG_WARN_OBJC_ROOT_CLASS = YES_ERROR;
				CLANG_WARN_QUOTED_INCLUDE_IN_FRAMEWORK_HEADER = YES;
				CLANG_WARN_RANGE_LOOP_ANALYSIS = YES;
				CLANG_WARN_STRICT_PROTOTYPES = YES;
				CLANG_WARN_SUSPICIOUS_MOVE = YES;
				CLANG_WARN_UNGUARDED_AVAILABILITY = YES_AGGRESSIVE;
				CLANG_WARN_UNREACHABLE_CODE = YES;
				CLANG_WARN__DUPLICATE_METHOD_MATCH = YES;
				COPY_PHASE_STRIP = NO;
				DEBUG_INFORMATION_FORMAT = "dwarf-with-dsym";
				ENABLE_NS_ASSERTIONS = NO;
				ENABLE_STRICT_OBJC_MSGSEND = YES;
				GCC_C_LANGUAGE_STANDARD = gnu11;
				GCC_NO_COMMON_BLOCKS = YES;
				GCC_WARN_64_TO_32_BIT_CONVERSION = YES;
				GCC_WARN_ABOUT_RETURN_TYPE = YES_ERROR;
				GCC_WARN_UNDECLARED_SELECTOR = YES;
				GCC_WARN_UNINITIALIZED_AUTOS = YES_AGGRESSIVE;
				GCC_WARN_UNUSED_FUNCTION = YES;
				GCC_WARN_UNUSED_VARIABLE = YES;
				IPHONEOS_DEPLOYMENT_TARGET = 16.2;
				MTL_ENABLE_DEBUG_INFO = NO;
				MTL_FAST_MATH = YES;
				SDKROOT = iphoneos;
				SWIFT_COMPILATION_MODE = wholemodule;
				SWIFT_OPTIMIZATION_LEVEL = "-O";
				VALIDATE_PRODUCT = YES;
			};
			name = Release;
		};
		AECC41CF297F5B1E0027D9AA /* Debug */ = {
			isa = XCBuildConfiguration;
			buildSettings = {
				ASSETCATALOG_COMPILER_APPICON_NAME = AppIcon;
				ASSETCATALOG_COMPILER_GLOBAL_ACCENT_COLOR_NAME = AccentColor;
				CODE_SIGN_STYLE = Automatic;
				CURRENT_PROJECT_VERSION = 1;
				DEVELOPMENT_TEAM = 7U2RR2TUT7;
				GENERATE_INFOPLIST_FILE = YES;
				INFOPLIST_FILE = Recipes/Info.plist;
				INFOPLIST_KEY_UIApplicationSupportsIndirectInputEvents = YES;
				INFOPLIST_KEY_UILaunchStoryboardName = LaunchScreen;
				INFOPLIST_KEY_UIMainStoryboardFile = Main;
				INFOPLIST_KEY_UISupportedInterfaceOrientations_iPad = "UIInterfaceOrientationPortrait UIInterfaceOrientationPortraitUpsideDown UIInterfaceOrientationLandscapeLeft UIInterfaceOrientationLandscapeRight";
				INFOPLIST_KEY_UISupportedInterfaceOrientations_iPhone = "UIInterfaceOrientationPortrait UIInterfaceOrientationLandscapeLeft UIInterfaceOrientationLandscapeRight";
				LD_RUNPATH_SEARCH_PATHS = (
					"$(inherited)",
					"@executable_path/Frameworks",
				);
				MARKETING_VERSION = 1.0;
				PRODUCT_BUNDLE_IDENTIFIER = com.akashDesai.Recipes;
				PRODUCT_NAME = "$(TARGET_NAME)";
				SWIFT_EMIT_LOC_STRINGS = YES;
				SWIFT_VERSION = 5.0;
				TARGETED_DEVICE_FAMILY = "1,2";
			};
			name = Debug;
		};
		AECC41D0297F5B1E0027D9AA /* Release */ = {
			isa = XCBuildConfiguration;
			buildSettings = {
				ASSETCATALOG_COMPILER_APPICON_NAME = AppIcon;
				ASSETCATALOG_COMPILER_GLOBAL_ACCENT_COLOR_NAME = AccentColor;
				CODE_SIGN_STYLE = Automatic;
				CURRENT_PROJECT_VERSION = 1;
				DEVELOPMENT_TEAM = 7U2RR2TUT7;
				GENERATE_INFOPLIST_FILE = YES;
				INFOPLIST_FILE = Recipes/Info.plist;
				INFOPLIST_KEY_UIApplicationSupportsIndirectInputEvents = YES;
				INFOPLIST_KEY_UILaunchStoryboardName = LaunchScreen;
				INFOPLIST_KEY_UIMainStoryboardFile = Main;
				INFOPLIST_KEY_UISupportedInterfaceOrientations_iPad = "UIInterfaceOrientationPortrait UIInterfaceOrientationPortraitUpsideDown UIInterfaceOrientationLandscapeLeft UIInterfaceOrientationLandscapeRight";
				INFOPLIST_KEY_UISupportedInterfaceOrientations_iPhone = "UIInterfaceOrientationPortrait UIInterfaceOrientationLandscapeLeft UIInterfaceOrientationLandscapeRight";
				LD_RUNPATH_SEARCH_PATHS = (
					"$(inherited)",
					"@executable_path/Frameworks",
				);
				MARKETING_VERSION = 1.0;
				PRODUCT_BUNDLE_IDENTIFIER = com.akashDesai.Recipes;
				PRODUCT_NAME = "$(TARGET_NAME)";
				SWIFT_EMIT_LOC_STRINGS = YES;
				SWIFT_VERSION = 5.0;
				TARGETED_DEVICE_FAMILY = "1,2";
			};
			name = Release;
		};
		AECC41D2297F5B1E0027D9AA /* Debug */ = {
			isa = XCBuildConfiguration;
			buildSettings = {
				ALWAYS_EMBED_SWIFT_STANDARD_LIBRARIES = YES;
				BUNDLE_LOADER = "$(TEST_HOST)";
				CODE_SIGN_STYLE = Automatic;
				CURRENT_PROJECT_VERSION = 1;
				DEVELOPMENT_TEAM = 7U2RR2TUT7;
				GENERATE_INFOPLIST_FILE = YES;
				IPHONEOS_DEPLOYMENT_TARGET = 16.2;
				MARKETING_VERSION = 1.0;
				PRODUCT_BUNDLE_IDENTIFIER = com.akashDesai.RecipesTests;
				PRODUCT_NAME = "$(TARGET_NAME)";
				SWIFT_EMIT_LOC_STRINGS = NO;
				SWIFT_VERSION = 5.0;
				TARGETED_DEVICE_FAMILY = "1,2";
				TEST_HOST = "$(BUILT_PRODUCTS_DIR)/Recipes.app/$(BUNDLE_EXECUTABLE_FOLDER_PATH)/Recipes";
			};
			name = Debug;
		};
		AECC41D3297F5B1E0027D9AA /* Release */ = {
			isa = XCBuildConfiguration;
			buildSettings = {
				ALWAYS_EMBED_SWIFT_STANDARD_LIBRARIES = YES;
				BUNDLE_LOADER = "$(TEST_HOST)";
				CODE_SIGN_STYLE = Automatic;
				CURRENT_PROJECT_VERSION = 1;
				DEVELOPMENT_TEAM = 7U2RR2TUT7;
				GENERATE_INFOPLIST_FILE = YES;
				IPHONEOS_DEPLOYMENT_TARGET = 16.2;
				MARKETING_VERSION = 1.0;
				PRODUCT_BUNDLE_IDENTIFIER = com.akashDesai.RecipesTests;
				PRODUCT_NAME = "$(TARGET_NAME)";
				SWIFT_EMIT_LOC_STRINGS = NO;
				SWIFT_VERSION = 5.0;
				TARGETED_DEVICE_FAMILY = "1,2";
				TEST_HOST = "$(BUILT_PRODUCTS_DIR)/Recipes.app/$(BUNDLE_EXECUTABLE_FOLDER_PATH)/Recipes";
			};
			name = Release;
		};
		AECC41D5297F5B1E0027D9AA /* Debug */ = {
			isa = XCBuildConfiguration;
			buildSettings = {
				ALWAYS_EMBED_SWIFT_STANDARD_LIBRARIES = YES;
				CODE_SIGN_STYLE = Automatic;
				CURRENT_PROJECT_VERSION = 1;
				DEVELOPMENT_TEAM = 7U2RR2TUT7;
				GENERATE_INFOPLIST_FILE = YES;
				MARKETING_VERSION = 1.0;
				PRODUCT_BUNDLE_IDENTIFIER = com.akashDesai.RecipesUITests;
				PRODUCT_NAME = "$(TARGET_NAME)";
				SWIFT_EMIT_LOC_STRINGS = NO;
				SWIFT_VERSION = 5.0;
				TARGETED_DEVICE_FAMILY = "1,2";
				TEST_TARGET_NAME = Recipes;
			};
			name = Debug;
		};
		AECC41D6297F5B1E0027D9AA /* Release */ = {
			isa = XCBuildConfiguration;
			buildSettings = {
				ALWAYS_EMBED_SWIFT_STANDARD_LIBRARIES = YES;
				CODE_SIGN_STYLE = Automatic;
				CURRENT_PROJECT_VERSION = 1;
				DEVELOPMENT_TEAM = 7U2RR2TUT7;
				GENERATE_INFOPLIST_FILE = YES;
				MARKETING_VERSION = 1.0;
				PRODUCT_BUNDLE_IDENTIFIER = com.akashDesai.RecipesUITests;
				PRODUCT_NAME = "$(TARGET_NAME)";
				SWIFT_EMIT_LOC_STRINGS = NO;
				SWIFT_VERSION = 5.0;
				TARGETED_DEVICE_FAMILY = "1,2";
				TEST_TARGET_NAME = Recipes;
			};
			name = Release;
		};
/* End XCBuildConfiguration section */

/* Begin XCConfigurationList section */
		AECC419F297F5B1D0027D9AA /* Build configuration list for PBXProject "Recipes" */ = {
			isa = XCConfigurationList;
			buildConfigurations = (
				AECC41CC297F5B1E0027D9AA /* Debug */,
				AECC41CD297F5B1E0027D9AA /* Release */,
			);
			defaultConfigurationIsVisible = 0;
			defaultConfigurationName = Release;
		};
		AECC41CE297F5B1E0027D9AA /* Build configuration list for PBXNativeTarget "Recipes" */ = {
			isa = XCConfigurationList;
			buildConfigurations = (
				AECC41CF297F5B1E0027D9AA /* Debug */,
				AECC41D0297F5B1E0027D9AA /* Release */,
			);
			defaultConfigurationIsVisible = 0;
			defaultConfigurationName = Release;
		};
		AECC41D1297F5B1E0027D9AA /* Build configuration list for PBXNativeTarget "RecipesTests" */ = {
			isa = XCConfigurationList;
			buildConfigurations = (
				AECC41D2297F5B1E0027D9AA /* Debug */,
				AECC41D3297F5B1E0027D9AA /* Release */,
			);
			defaultConfigurationIsVisible = 0;
			defaultConfigurationName = Release;
		};
		AECC41D4297F5B1E0027D9AA /* Build configuration list for PBXNativeTarget "RecipesUITests" */ = {
			isa = XCConfigurationList;
			buildConfigurations = (
				AECC41D5297F5B1E0027D9AA /* Debug */,
				AECC41D6297F5B1E0027D9AA /* Release */,
			);
			defaultConfigurationIsVisible = 0;
			defaultConfigurationName = Release;
		};
/* End XCConfigurationList section */
	};
	rootObject = AECC419C297F5B1D0027D9AA /* Project object */;
}
