// !$*UTF8*$!
{
	archiveVersion = 1;
	classes = {
	};
	objectVersion = 56;
	objects = {

/* Begin PBXBuildFile section */
		AE21AA02297F662600F6F591 /* GeneratedRecipe.swift in Sources */ = {isa = PBXBuildFile; fileRef = AE21AA01297F662600F6F591 /* GeneratedRecipe.swift */; };
		AE21AA06297F688500F6F591 /* HomeTabsCoordinator.swift in Sources */ = {isa = PBXBuildFile; fileRef = AE21AA05297F688500F6F591 /* HomeTabsCoordinator.swift */; };
		AE21AA09297F68D900F6F591 /* UIView+extension.swift in Sources */ = {isa = PBXBuildFile; fileRef = AE21AA08297F68D900F6F591 /* UIView+extension.swift */; };
		AE21AA0C297F699600F6F591 /* LoginView.swift in Sources */ = {isa = PBXBuildFile; fileRef = AE21AA0B297F699600F6F591 /* LoginView.swift */; };
		AE21AA10297F6A0B00F6F591 /* AppEnvironment.swift in Sources */ = {isa = PBXBuildFile; fileRef = AE21AA0F297F6A0B00F6F591 /* AppEnvironment.swift */; };
		AE21AA12297F6A4400F6F591 /* Environment.swift in Sources */ = {isa = PBXBuildFile; fileRef = AE21AA11297F6A4400F6F591 /* Environment.swift */; };
		AE21AA2C297F6E6B00F6F591 /* AuthService.swift in Sources */ = {isa = PBXBuildFile; fileRef = AE21AA2B297F6E6B00F6F591 /* AuthService.swift */; };
		AE21AA2E297F79C500F6F591 /* LoginViewModel.swift in Sources */ = {isa = PBXBuildFile; fileRef = AE21AA2D297F79C500F6F591 /* LoginViewModel.swift */; };
		AE21AA31297F827900F6F591 /* CreateAccountView.swift in Sources */ = {isa = PBXBuildFile; fileRef = AE21AA30297F827900F6F591 /* CreateAccountView.swift */; };
		AE21AA3F2980121A00F6F591 /* AWSAPIPlugin in Frameworks */ = {isa = PBXBuildFile; productRef = AE21AA3E2980121A00F6F591 /* AWSAPIPlugin */; };
		AE21AA412980121A00F6F591 /* AWSCognitoAuthPlugin in Frameworks */ = {isa = PBXBuildFile; productRef = AE21AA402980121A00F6F591 /* AWSCognitoAuthPlugin */; };
		AE21AA432980121A00F6F591 /* AWSDataStorePlugin in Frameworks */ = {isa = PBXBuildFile; productRef = AE21AA422980121A00F6F591 /* AWSDataStorePlugin */; };
		AE21AA452980121A00F6F591 /* Amplify in Frameworks */ = {isa = PBXBuildFile; productRef = AE21AA442980121A00F6F591 /* Amplify */; };
		AE21AA482980166900F6F591 /* amplifyconfiguration.json in Resources */ = {isa = PBXBuildFile; fileRef = AE21AA472980166900F6F591 /* amplifyconfiguration.json */; };
		AE21AA582980301700F6F591 /* Assets.swift in Sources */ = {isa = PBXBuildFile; fileRef = AE21AA572980301700F6F591 /* Assets.swift */; };
		AE21AA5A2980648F00F6F591 /* ConfirmSignUpView.swift in Sources */ = {isa = PBXBuildFile; fileRef = AE21AA592980648F00F6F591 /* ConfirmSignUpView.swift */; };
		AE7FD5DA29819881003C5728 /* AuthGradientBackgroundView.swift in Sources */ = {isa = PBXBuildFile; fileRef = AE7FD5D929819881003C5728 /* AuthGradientBackgroundView.swift */; };
		AE7FD5DC29819C88003C5728 /* AuthDivider.swift in Sources */ = {isa = PBXBuildFile; fileRef = AE7FD5DB29819C88003C5728 /* AuthDivider.swift */; };
		AE7FD5DF2981CAE2003C5728 /* AuthServiceEnums.swift in Sources */ = {isa = PBXBuildFile; fileRef = AE7FD5DE2981CAE2003C5728 /* AuthServiceEnums.swift */; };
		AEBED67B29806542004FA3CF /* CreateAccountViewModel.swift in Sources */ = {isa = PBXBuildFile; fileRef = AEBED67A29806542004FA3CF /* CreateAccountViewModel.swift */; };
		AEBED67D2980657A004FA3CF /* ConfirmSignUpViewModel.swift in Sources */ = {isa = PBXBuildFile; fileRef = AEBED67C2980657A004FA3CF /* ConfirmSignUpViewModel.swift */; };
		AEBED67F298068EE004FA3CF /* CreateAccountCoordinator.swift in Sources */ = {isa = PBXBuildFile; fileRef = AEBED67E298068EE004FA3CF /* CreateAccountCoordinator.swift */; };
		AEBED6812980A209004FA3CF /* UIViewController+extension.swift in Sources */ = {isa = PBXBuildFile; fileRef = AEBED6802980A209004FA3CF /* UIViewController+extension.swift */; };
		AEBED6842980C02B004FA3CF /* RTextField.swift in Sources */ = {isa = PBXBuildFile; fileRef = AEBED6832980C02B004FA3CF /* RTextField.swift */; };
		AEBED6862980C948004FA3CF /* TextFieldRepresented.swift in Sources */ = {isa = PBXBuildFile; fileRef = AEBED6852980C948004FA3CF /* TextFieldRepresented.swift */; };
		AEBED6882980C984004FA3CF /* RSecureField.swift in Sources */ = {isa = PBXBuildFile; fileRef = AEBED6872980C984004FA3CF /* RSecureField.swift */; };
		AEBED68A2980CB5B004FA3CF /* Unwrap.swift in Sources */ = {isa = PBXBuildFile; fileRef = AEBED6892980CB5B004FA3CF /* Unwrap.swift */; };
		AEBED68C2980DA35004FA3CF /* LoadingLabel.swift in Sources */ = {isa = PBXBuildFile; fileRef = AEBED68B2980DA35004FA3CF /* LoadingLabel.swift */; };
		AEBED68E2980DB4C004FA3CF /* ActivityIndicator.swift in Sources */ = {isa = PBXBuildFile; fileRef = AEBED68D2980DB4C004FA3CF /* ActivityIndicator.swift */; };
		AEBED6912980DBB7004FA3CF /* HiddenModifier.swift in Sources */ = {isa = PBXBuildFile; fileRef = AEBED6902980DBB7004FA3CF /* HiddenModifier.swift */; };
		AEBED6932980DC6B004FA3CF /* FormButtonStyle.swift in Sources */ = {isa = PBXBuildFile; fileRef = AEBED6922980DC6B004FA3CF /* FormButtonStyle.swift */; };
		AEBED6952980DCD5004FA3CF /* Colors.xcassets in Resources */ = {isa = PBXBuildFile; fileRef = AEBED6942980DCD5004FA3CF /* Colors.xcassets */; };
		AEBED6972980E889004FA3CF /* View+extension.swift in Sources */ = {isa = PBXBuildFile; fileRef = AEBED6962980E889004FA3CF /* View+extension.swift */; };
		AEBED699298178F1004FA3CF /* AuthHeaderView.swift in Sources */ = {isa = PBXBuildFile; fileRef = AEBED698298178F1004FA3CF /* AuthHeaderView.swift */; };
		AEBED69E29818326004FA3CF /* ForgotPasswordView.swift in Sources */ = {isa = PBXBuildFile; fileRef = AEBED69D29818326004FA3CF /* ForgotPasswordView.swift */; };
		AEBED6A029818331004FA3CF /* ForgotPasswordViewModel.swift in Sources */ = {isa = PBXBuildFile; fileRef = AEBED69F29818331004FA3CF /* ForgotPasswordViewModel.swift */; };
		AECC41A8297F5B1D0027D9AA /* AppDelegate.swift in Sources */ = {isa = PBXBuildFile; fileRef = AECC41A7297F5B1D0027D9AA /* AppDelegate.swift */; };
		AECC41AA297F5B1D0027D9AA /* SceneDelegate.swift in Sources */ = {isa = PBXBuildFile; fileRef = AECC41A9297F5B1D0027D9AA /* SceneDelegate.swift */; };
		AECC41AC297F5B1D0027D9AA /* AppCoordinator.swift in Sources */ = {isa = PBXBuildFile; fileRef = AECC41AB297F5B1D0027D9AA /* AppCoordinator.swift */; };
		AECC41B1297F5B1E0027D9AA /* Assets.xcassets in Resources */ = {isa = PBXBuildFile; fileRef = AECC41B0297F5B1E0027D9AA /* Assets.xcassets */; };
		AECC41B4297F5B1E0027D9AA /* LaunchScreen.storyboard in Resources */ = {isa = PBXBuildFile; fileRef = AECC41B2297F5B1E0027D9AA /* LaunchScreen.storyboard */; };
		AECC41BF297F5B1E0027D9AA /* RecipesTests.swift in Sources */ = {isa = PBXBuildFile; fileRef = AECC41BE297F5B1E0027D9AA /* RecipesTests.swift */; };
		AECC41C9297F5B1E0027D9AA /* RecipesUITests.swift in Sources */ = {isa = PBXBuildFile; fileRef = AECC41C8297F5B1E0027D9AA /* RecipesUITests.swift */; };
		AECC41CB297F5B1E0027D9AA /* RecipesUITestsLaunchTests.swift in Sources */ = {isa = PBXBuildFile; fileRef = AECC41CA297F5B1E0027D9AA /* RecipesUITestsLaunchTests.swift */; };
/* End PBXBuildFile section */

/* Begin PBXContainerItemProxy section */
		AECC41BB297F5B1E0027D9AA /* PBXContainerItemProxy */ = {
			isa = PBXContainerItemProxy;
			containerPortal = AECC419C297F5B1D0027D9AA /* Project object */;
			proxyType = 1;
			remoteGlobalIDString = AECC41A3297F5B1D0027D9AA;
			remoteInfo = Recipes;
		};
		AECC41C5297F5B1E0027D9AA /* PBXContainerItemProxy */ = {
			isa = PBXContainerItemProxy;
			containerPortal = AECC419C297F5B1D0027D9AA /* Project object */;
			proxyType = 1;
			remoteGlobalIDString = AECC41A3297F5B1D0027D9AA;
			remoteInfo = Recipes;
		};
/* End PBXContainerItemProxy section */

/* Begin PBXFileReference section */
		AE21AA01297F662600F6F591 /* GeneratedRecipe.swift */ = {isa = PBXFileReference; lastKnownFileType = sourcecode.swift; path = GeneratedRecipe.swift; sourceTree = "<group>"; };
		AE21AA05297F688500F6F591 /* HomeTabsCoordinator.swift */ = {isa = PBXFileReference; lastKnownFileType = sourcecode.swift; path = HomeTabsCoordinator.swift; sourceTree = "<group>"; };
		AE21AA08297F68D900F6F591 /* UIView+extension.swift */ = {isa = PBXFileReference; lastKnownFileType = sourcecode.swift; path = "UIView+extension.swift"; sourceTree = "<group>"; };
		AE21AA0B297F699600F6F591 /* LoginView.swift */ = {isa = PBXFileReference; lastKnownFileType = sourcecode.swift; path = LoginView.swift; sourceTree = "<group>"; };
		AE21AA0F297F6A0B00F6F591 /* AppEnvironment.swift */ = {isa = PBXFileReference; lastKnownFileType = sourcecode.swift; path = AppEnvironment.swift; sourceTree = "<group>"; };
		AE21AA11297F6A4400F6F591 /* Environment.swift */ = {isa = PBXFileReference; lastKnownFileType = sourcecode.swift; path = Environment.swift; sourceTree = "<group>"; };
		AE21AA2B297F6E6B00F6F591 /* AuthService.swift */ = {isa = PBXFileReference; lastKnownFileType = sourcecode.swift; path = AuthService.swift; sourceTree = "<group>"; };
		AE21AA2D297F79C500F6F591 /* LoginViewModel.swift */ = {isa = PBXFileReference; lastKnownFileType = sourcecode.swift; path = LoginViewModel.swift; sourceTree = "<group>"; };
		AE21AA30297F827900F6F591 /* CreateAccountView.swift */ = {isa = PBXFileReference; lastKnownFileType = sourcecode.swift; path = CreateAccountView.swift; sourceTree = "<group>"; };
		AE21AA472980166900F6F591 /* amplifyconfiguration.json */ = {isa = PBXFileReference; fileEncoding = 4; lastKnownFileType = text.json; path = amplifyconfiguration.json; sourceTree = SOURCE_ROOT; };
		AE21AA572980301700F6F591 /* Assets.swift */ = {isa = PBXFileReference; fileEncoding = 4; lastKnownFileType = sourcecode.swift; path = Assets.swift; sourceTree = "<group>"; };
		AE21AA592980648F00F6F591 /* ConfirmSignUpView.swift */ = {isa = PBXFileReference; lastKnownFileType = sourcecode.swift; path = ConfirmSignUpView.swift; sourceTree = "<group>"; };
		AE7FD5D929819881003C5728 /* AuthGradientBackgroundView.swift */ = {isa = PBXFileReference; lastKnownFileType = sourcecode.swift; path = AuthGradientBackgroundView.swift; sourceTree = "<group>"; };
		AE7FD5DB29819C88003C5728 /* AuthDivider.swift */ = {isa = PBXFileReference; lastKnownFileType = sourcecode.swift; path = AuthDivider.swift; sourceTree = "<group>"; };
		AE7FD5DE2981CAE2003C5728 /* AuthServiceEnums.swift */ = {isa = PBXFileReference; lastKnownFileType = sourcecode.swift; path = AuthServiceEnums.swift; sourceTree = "<group>"; };
		AEBED67A29806542004FA3CF /* CreateAccountViewModel.swift */ = {isa = PBXFileReference; fileEncoding = 4; lastKnownFileType = sourcecode.swift; path = CreateAccountViewModel.swift; sourceTree = "<group>"; };
		AEBED67C2980657A004FA3CF /* ConfirmSignUpViewModel.swift */ = {isa = PBXFileReference; lastKnownFileType = sourcecode.swift; path = ConfirmSignUpViewModel.swift; sourceTree = "<group>"; };
		AEBED67E298068EE004FA3CF /* CreateAccountCoordinator.swift */ = {isa = PBXFileReference; lastKnownFileType = sourcecode.swift; path = CreateAccountCoordinator.swift; sourceTree = "<group>"; };
		AEBED6802980A209004FA3CF /* UIViewController+extension.swift */ = {isa = PBXFileReference; lastKnownFileType = sourcecode.swift; path = "UIViewController+extension.swift"; sourceTree = "<group>"; };
		AEBED6832980C02B004FA3CF /* RTextField.swift */ = {isa = PBXFileReference; lastKnownFileType = sourcecode.swift; path = RTextField.swift; sourceTree = "<group>"; };
		AEBED6852980C948004FA3CF /* TextFieldRepresented.swift */ = {isa = PBXFileReference; lastKnownFileType = sourcecode.swift; path = TextFieldRepresented.swift; sourceTree = "<group>"; };
		AEBED6872980C984004FA3CF /* RSecureField.swift */ = {isa = PBXFileReference; lastKnownFileType = sourcecode.swift; path = RSecureField.swift; sourceTree = "<group>"; };
		AEBED6892980CB5B004FA3CF /* Unwrap.swift */ = {isa = PBXFileReference; lastKnownFileType = sourcecode.swift; path = Unwrap.swift; sourceTree = "<group>"; };
		AEBED68B2980DA35004FA3CF /* LoadingLabel.swift */ = {isa = PBXFileReference; lastKnownFileType = sourcecode.swift; path = LoadingLabel.swift; sourceTree = "<group>"; };
		AEBED68D2980DB4C004FA3CF /* ActivityIndicator.swift */ = {isa = PBXFileReference; lastKnownFileType = sourcecode.swift; path = ActivityIndicator.swift; sourceTree = "<group>"; };
		AEBED6902980DBB7004FA3CF /* HiddenModifier.swift */ = {isa = PBXFileReference; lastKnownFileType = sourcecode.swift; path = HiddenModifier.swift; sourceTree = "<group>"; };
		AEBED6922980DC6B004FA3CF /* FormButtonStyle.swift */ = {isa = PBXFileReference; lastKnownFileType = sourcecode.swift; path = FormButtonStyle.swift; sourceTree = "<group>"; };
		AEBED6942980DCD5004FA3CF /* Colors.xcassets */ = {isa = PBXFileReference; lastKnownFileType = folder.assetcatalog; path = Colors.xcassets; sourceTree = "<group>"; };
		AEBED6962980E889004FA3CF /* View+extension.swift */ = {isa = PBXFileReference; lastKnownFileType = sourcecode.swift; path = "View+extension.swift"; sourceTree = "<group>"; };
		AEBED698298178F1004FA3CF /* AuthHeaderView.swift */ = {isa = PBXFileReference; lastKnownFileType = sourcecode.swift; path = AuthHeaderView.swift; sourceTree = "<group>"; };
		AEBED69D29818326004FA3CF /* ForgotPasswordView.swift */ = {isa = PBXFileReference; lastKnownFileType = sourcecode.swift; path = ForgotPasswordView.swift; sourceTree = "<group>"; };
		AEBED69F29818331004FA3CF /* ForgotPasswordViewModel.swift */ = {isa = PBXFileReference; lastKnownFileType = sourcecode.swift; path = ForgotPasswordViewModel.swift; sourceTree = "<group>"; };
		AECC41A4297F5B1D0027D9AA /* Recipes.app */ = {isa = PBXFileReference; explicitFileType = wrapper.application; includeInIndex = 0; path = Recipes.app; sourceTree = BUILT_PRODUCTS_DIR; };
		AECC41A7297F5B1D0027D9AA /* AppDelegate.swift */ = {isa = PBXFileReference; lastKnownFileType = sourcecode.swift; path = AppDelegate.swift; sourceTree = "<group>"; };
		AECC41A9297F5B1D0027D9AA /* SceneDelegate.swift */ = {isa = PBXFileReference; lastKnownFileType = sourcecode.swift; path = SceneDelegate.swift; sourceTree = "<group>"; };
		AECC41AB297F5B1D0027D9AA /* AppCoordinator.swift */ = {isa = PBXFileReference; lastKnownFileType = sourcecode.swift; path = AppCoordinator.swift; sourceTree = "<group>"; };
		AECC41B0297F5B1E0027D9AA /* Assets.xcassets */ = {isa = PBXFileReference; lastKnownFileType = folder.assetcatalog; path = Assets.xcassets; sourceTree = "<group>"; };
		AECC41B3297F5B1E0027D9AA /* Base */ = {isa = PBXFileReference; lastKnownFileType = file.storyboard; name = Base; path = Base.lproj/LaunchScreen.storyboard; sourceTree = "<group>"; };
		AECC41B5297F5B1E0027D9AA /* Info.plist */ = {isa = PBXFileReference; lastKnownFileType = text.plist.xml; path = Info.plist; sourceTree = "<group>"; };
		AECC41BA297F5B1E0027D9AA /* RecipesTests.xctest */ = {isa = PBXFileReference; explicitFileType = wrapper.cfbundle; includeInIndex = 0; path = RecipesTests.xctest; sourceTree = BUILT_PRODUCTS_DIR; };
		AECC41BE297F5B1E0027D9AA /* RecipesTests.swift */ = {isa = PBXFileReference; lastKnownFileType = sourcecode.swift; path = RecipesTests.swift; sourceTree = "<group>"; };
		AECC41C4297F5B1E0027D9AA /* RecipesUITests.xctest */ = {isa = PBXFileReference; explicitFileType = wrapper.cfbundle; includeInIndex = 0; path = RecipesUITests.xctest; sourceTree = BUILT_PRODUCTS_DIR; };
		AECC41C8297F5B1E0027D9AA /* RecipesUITests.swift */ = {isa = PBXFileReference; lastKnownFileType = sourcecode.swift; path = RecipesUITests.swift; sourceTree = "<group>"; };
		AECC41CA297F5B1E0027D9AA /* RecipesUITestsLaunchTests.swift */ = {isa = PBXFileReference; lastKnownFileType = sourcecode.swift; path = RecipesUITestsLaunchTests.swift; sourceTree = "<group>"; };
/* End PBXFileReference section */

/* Begin PBXFrameworksBuildPhase section */
		AECC41A1297F5B1D0027D9AA /* Frameworks */ = {
			isa = PBXFrameworksBuildPhase;
			buildActionMask = 2147483647;
			files = (
				AE21AA432980121A00F6F591 /* AWSDataStorePlugin in Frameworks */,
				AE21AA452980121A00F6F591 /* Amplify in Frameworks */,
				AE21AA3F2980121A00F6F591 /* AWSAPIPlugin in Frameworks */,
				AE21AA412980121A00F6F591 /* AWSCognitoAuthPlugin in Frameworks */,
			);
			runOnlyForDeploymentPostprocessing = 0;
		};
		AECC41B7297F5B1E0027D9AA /* Frameworks */ = {
			isa = PBXFrameworksBuildPhase;
			buildActionMask = 2147483647;
			files = (
			);
			runOnlyForDeploymentPostprocessing = 0;
		};
		AECC41C1297F5B1E0027D9AA /* Frameworks */ = {
			isa = PBXFrameworksBuildPhase;
			buildActionMask = 2147483647;
			files = (
			);
			runOnlyForDeploymentPostprocessing = 0;
		};
/* End PBXFrameworksBuildPhase section */

/* Begin PBXGroup section */
		AE21AA00297F65AB00F6F591 /* Models */ = {
			isa = PBXGroup;
			children = (
				AE21AA01297F662600F6F591 /* GeneratedRecipe.swift */,
			);
			path = Models;
			sourceTree = "<group>";
		};
		AE21AA03297F669000F6F591 /* Coordinators */ = {
			isa = PBXGroup;
			children = (
				AECC41AB297F5B1D0027D9AA /* AppCoordinator.swift */,
				AE21AA05297F688500F6F591 /* HomeTabsCoordinator.swift */,
				AEBED67E298068EE004FA3CF /* CreateAccountCoordinator.swift */,
			);
			path = Coordinators;
			sourceTree = "<group>";
		};
		AE21AA07297F68C800F6F591 /* Extensions */ = {
			isa = PBXGroup;
			children = (
				AE21AA08297F68D900F6F591 /* UIView+extension.swift */,
				AEBED6802980A209004FA3CF /* UIViewController+extension.swift */,
				AEBED6962980E889004FA3CF /* View+extension.swift */,
			);
			path = Extensions;
			sourceTree = "<group>";
		};
		AE21AA0D297F699E00F6F591 /* Login */ = {
			isa = PBXGroup;
			children = (
				AE21AA0B297F699600F6F591 /* LoginView.swift */,
				AE21AA2D297F79C500F6F591 /* LoginViewModel.swift */,
			);
			path = Login;
			sourceTree = "<group>";
		};
		AE21AA0E297F69FB00F6F591 /* App Enviornment  */ = {
			isa = PBXGroup;
			children = (
				AE21AA0F297F6A0B00F6F591 /* AppEnvironment.swift */,
				AE21AA11297F6A4400F6F591 /* Environment.swift */,
			);
			path = "App Enviornment ";
			sourceTree = "<group>";
		};
		AE21AA2F297F826E00F6F591 /* SignUp */ = {
			isa = PBXGroup;
			children = (
				AEBED69C29818307004FA3CF /* Views */,
				AE21AA5B298064EE00F6F591 /* ViewModels */,
			);
			path = SignUp;
			sourceTree = "<group>";
		};
		AE21AA5629802F4100F6F591 /* Generated */ = {
			isa = PBXGroup;
			children = (
				AE21AA572980301700F6F591 /* Assets.swift */,
			);
			path = Generated;
			sourceTree = "<group>";
		};
		AE21AA5B298064EE00F6F591 /* ViewModels */ = {
			isa = PBXGroup;
			children = (
				AEBED67A29806542004FA3CF /* CreateAccountViewModel.swift */,
				AEBED67C2980657A004FA3CF /* ConfirmSignUpViewModel.swift */,
			);
			path = ViewModels;
			sourceTree = "<group>";
		};
		AE7FD5DD2981CAB1003C5728 /* Service */ = {
			isa = PBXGroup;
			children = (
				AE21AA2B297F6E6B00F6F591 /* AuthService.swift */,
				AE7FD5DE2981CAE2003C5728 /* AuthServiceEnums.swift */,
			);
			path = Service;
			sourceTree = "<group>";
		};
		AEBED6822980C012004FA3CF /* RCommons */ = {
			isa = PBXGroup;
			children = (
				AEBED6832980C02B004FA3CF /* RTextField.swift */,
				AEBED6852980C948004FA3CF /* TextFieldRepresented.swift */,
				AEBED6872980C984004FA3CF /* RSecureField.swift */,
				AEBED6892980CB5B004FA3CF /* Unwrap.swift */,
				AEBED68B2980DA35004FA3CF /* LoadingLabel.swift */,
				AEBED68D2980DB4C004FA3CF /* ActivityIndicator.swift */,
				AEBED6922980DC6B004FA3CF /* FormButtonStyle.swift */,
				AEBED698298178F1004FA3CF /* AuthHeaderView.swift */,
				AE7FD5D929819881003C5728 /* AuthGradientBackgroundView.swift */,
				AE7FD5DB29819C88003C5728 /* AuthDivider.swift */,
			);
			path = RCommons;
			sourceTree = "<group>";
		};
		AEBED68F2980DBA8004FA3CF /* Modifiers */ = {
			isa = PBXGroup;
			children = (
				AEBED6902980DBB7004FA3CF /* HiddenModifier.swift */,
			);
			path = Modifiers;
			sourceTree = "<group>";
		};
		AEBED69A298182DE004FA3CF /* Auth */ = {
			isa = PBXGroup;
			children = (
				AE21AA0D297F699E00F6F591 /* Login */,
				AE21AA2F297F826E00F6F591 /* SignUp */,
				AEBED69B298182F8004FA3CF /* Forgot Password */,
				AE7FD5DD2981CAB1003C5728 /* Service */,
			);
			path = Auth;
			sourceTree = "<group>";
		};
		AEBED69B298182F8004FA3CF /* Forgot Password */ = {
			isa = PBXGroup;
			children = (
				AEBED69D29818326004FA3CF /* ForgotPasswordView.swift */,
				AEBED69F29818331004FA3CF /* ForgotPasswordViewModel.swift */,
			);
			path = "Forgot Password";
			sourceTree = "<group>";
		};
		AEBED69C29818307004FA3CF /* Views */ = {
			isa = PBXGroup;
			children = (
				AE21AA592980648F00F6F591 /* ConfirmSignUpView.swift */,
				AE21AA30297F827900F6F591 /* CreateAccountView.swift */,
			);
			path = Views;
			sourceTree = "<group>";
		};
		AECC419B297F5B1D0027D9AA = {
			isa = PBXGroup;
			children = (
				AECC41A6297F5B1D0027D9AA /* Recipes */,
				AECC41BD297F5B1E0027D9AA /* RecipesTests */,
				AECC41C7297F5B1E0027D9AA /* RecipesUITests */,
				AECC41A5297F5B1D0027D9AA /* Products */,
			);
			sourceTree = "<group>";
		};
		AECC41A5297F5B1D0027D9AA /* Products */ = {
			isa = PBXGroup;
			children = (
				AECC41A4297F5B1D0027D9AA /* Recipes.app */,
				AECC41BA297F5B1E0027D9AA /* RecipesTests.xctest */,
				AECC41C4297F5B1E0027D9AA /* RecipesUITests.xctest */,
			);
			name = Products;
			sourceTree = "<group>";
		};
		AECC41A6297F5B1D0027D9AA /* Recipes */ = {
			isa = PBXGroup;
			children = (
				AE21AA03297F669000F6F591 /* Coordinators */,
				AEBED69A298182DE004FA3CF /* Auth */,
				AE21AA0E297F69FB00F6F591 /* App Enviornment  */,
				AE21AA5629802F4100F6F591 /* Generated */,
				AEBED68F2980DBA8004FA3CF /* Modifiers */,
				AEBED6822980C012004FA3CF /* RCommons */,
				AE21AA00297F65AB00F6F591 /* Models */,
				AE21AA07297F68C800F6F591 /* Extensions */,
				AECC41A7297F5B1D0027D9AA /* AppDelegate.swift */,
				AECC41A9297F5B1D0027D9AA /* SceneDelegate.swift */,
				AECC41B0297F5B1E0027D9AA /* Assets.xcassets */,
				AEBED6942980DCD5004FA3CF /* Colors.xcassets */,
				AECC41B2297F5B1E0027D9AA /* LaunchScreen.storyboard */,
				AECC41B5297F5B1E0027D9AA /* Info.plist */,
				AE21AA472980166900F6F591 /* amplifyconfiguration.json */,
			);
			path = Recipes;
			sourceTree = "<group>";
		};
		AECC41BD297F5B1E0027D9AA /* RecipesTests */ = {
			isa = PBXGroup;
			children = (
				AECC41BE297F5B1E0027D9AA /* RecipesTests.swift */,
			);
			path = RecipesTests;
			sourceTree = "<group>";
		};
		AECC41C7297F5B1E0027D9AA /* RecipesUITests */ = {
			isa = PBXGroup;
			children = (
				AECC41C8297F5B1E0027D9AA /* RecipesUITests.swift */,
				AECC41CA297F5B1E0027D9AA /* RecipesUITestsLaunchTests.swift */,
			);
			path = RecipesUITests;
			sourceTree = "<group>";
		};
/* End PBXGroup section */

/* Begin PBXNativeTarget section */
		AECC41A3297F5B1D0027D9AA /* Recipes */ = {
			isa = PBXNativeTarget;
			buildConfigurationList = AECC41CE297F5B1E0027D9AA /* Build configuration list for PBXNativeTarget "Recipes" */;
			buildPhases = (
				AECC41A0297F5B1D0027D9AA /* Sources */,
				AECC41A1297F5B1D0027D9AA /* Frameworks */,
				AECC41A2297F5B1D0027D9AA /* Resources */,
			);
			buildRules = (
			);
			dependencies = (
			);
			name = Recipes;
			packageProductDependencies = (
				AE21AA3E2980121A00F6F591 /* AWSAPIPlugin */,
				AE21AA402980121A00F6F591 /* AWSCognitoAuthPlugin */,
				AE21AA422980121A00F6F591 /* AWSDataStorePlugin */,
				AE21AA442980121A00F6F591 /* Amplify */,
			);
			productName = Recipes;
			productReference = AECC41A4297F5B1D0027D9AA /* Recipes.app */;
			productType = "com.apple.product-type.application";
		};
		AECC41B9297F5B1E0027D9AA /* RecipesTests */ = {
			isa = PBXNativeTarget;
			buildConfigurationList = AECC41D1297F5B1E0027D9AA /* Build configuration list for PBXNativeTarget "RecipesTests" */;
			buildPhases = (
				AECC41B6297F5B1E0027D9AA /* Sources */,
				AECC41B7297F5B1E0027D9AA /* Frameworks */,
				AECC41B8297F5B1E0027D9AA /* Resources */,
			);
			buildRules = (
			);
			dependencies = (
				AECC41BC297F5B1E0027D9AA /* PBXTargetDependency */,
			);
			name = RecipesTests;
			productName = RecipesTests;
			productReference = AECC41BA297F5B1E0027D9AA /* RecipesTests.xctest */;
			productType = "com.apple.product-type.bundle.unit-test";
		};
		AECC41C3297F5B1E0027D9AA /* RecipesUITests */ = {
			isa = PBXNativeTarget;
			buildConfigurationList = AECC41D4297F5B1E0027D9AA /* Build configuration list for PBXNativeTarget "RecipesUITests" */;
			buildPhases = (
				AECC41C0297F5B1E0027D9AA /* Sources */,
				AECC41C1297F5B1E0027D9AA /* Frameworks */,
				AECC41C2297F5B1E0027D9AA /* Resources */,
			);
			buildRules = (
			);
			dependencies = (
				AECC41C6297F5B1E0027D9AA /* PBXTargetDependency */,
			);
			name = RecipesUITests;
			productName = RecipesUITests;
			productReference = AECC41C4297F5B1E0027D9AA /* RecipesUITests.xctest */;
			productType = "com.apple.product-type.bundle.ui-testing";
		};
/* End PBXNativeTarget section */

/* Begin PBXProject section */
		AECC419C297F5B1D0027D9AA /* Project object */ = {
			isa = PBXProject;
			attributes = {
				BuildIndependentTargetsInParallel = 1;
				LastSwiftUpdateCheck = 1420;
				LastUpgradeCheck = 1420;
				TargetAttributes = {
					AECC41A3297F5B1D0027D9AA = {
						CreatedOnToolsVersion = 14.2;
					};
					AECC41B9297F5B1E0027D9AA = {
						CreatedOnToolsVersion = 14.2;
						TestTargetID = AECC41A3297F5B1D0027D9AA;
					};
					AECC41C3297F5B1E0027D9AA = {
						CreatedOnToolsVersion = 14.2;
						TestTargetID = AECC41A3297F5B1D0027D9AA;
					};
				};
			};
			buildConfigurationList = AECC419F297F5B1D0027D9AA /* Build configuration list for PBXProject "Recipes" */;
			compatibilityVersion = "Xcode 14.0";
			developmentRegion = en;
			hasScannedForEncodings = 0;
			knownRegions = (
				en,
				Base,
			);
			mainGroup = AECC419B297F5B1D0027D9AA;
			packageReferences = (
				AE21AA3D2980121A00F6F591 /* XCRemoteSwiftPackageReference "amplify-swift" */,
			);
			productRefGroup = AECC41A5297F5B1D0027D9AA /* Products */;
			projectDirPath = "";
			projectRoot = "";
			targets = (
				AECC41A3297F5B1D0027D9AA /* Recipes */,
				AECC41B9297F5B1E0027D9AA /* RecipesTests */,
				AECC41C3297F5B1E0027D9AA /* RecipesUITests */,
			);
		};
/* End PBXProject section */

/* Begin PBXResourcesBuildPhase section */
		AECC41A2297F5B1D0027D9AA /* Resources */ = {
			isa = PBXResourcesBuildPhase;
			buildActionMask = 2147483647;
			files = (
				AECC41B4297F5B1E0027D9AA /* LaunchScreen.storyboard in Resources */,
				AEBED6952980DCD5004FA3CF /* Colors.xcassets in Resources */,
				AE21AA482980166900F6F591 /* amplifyconfiguration.json in Resources */,
				AECC41B1297F5B1E0027D9AA /* Assets.xcassets in Resources */,
			);
			runOnlyForDeploymentPostprocessing = 0;
		};
		AECC41B8297F5B1E0027D9AA /* Resources */ = {
			isa = PBXResourcesBuildPhase;
			buildActionMask = 2147483647;
			files = (
			);
			runOnlyForDeploymentPostprocessing = 0;
		};
		AECC41C2297F5B1E0027D9AA /* Resources */ = {
			isa = PBXResourcesBuildPhase;
			buildActionMask = 2147483647;
			files = (
			);
			runOnlyForDeploymentPostprocessing = 0;
		};
/* End PBXResourcesBuildPhase section */

/* Begin PBXSourcesBuildPhase section */
		AECC41A0297F5B1D0027D9AA /* Sources */ = {
			isa = PBXSourcesBuildPhase;
			buildActionMask = 2147483647;
			files = (
				AEBED6842980C02B004FA3CF /* RTextField.swift in Sources */,
				AE21AA31297F827900F6F591 /* CreateAccountView.swift in Sources */,
				AE21AA0C297F699600F6F591 /* LoginView.swift in Sources */,
				AEBED6932980DC6B004FA3CF /* FormButtonStyle.swift in Sources */,
				AEBED6812980A209004FA3CF /* UIViewController+extension.swift in Sources */,
				AE7FD5DC29819C88003C5728 /* AuthDivider.swift in Sources */,
				AEBED68E2980DB4C004FA3CF /* ActivityIndicator.swift in Sources */,
				AEBED6A029818331004FA3CF /* ForgotPasswordViewModel.swift in Sources */,
				AE21AA09297F68D900F6F591 /* UIView+extension.swift in Sources */,
				AE21AA2E297F79C500F6F591 /* LoginViewModel.swift in Sources */,
				AEBED67B29806542004FA3CF /* CreateAccountViewModel.swift in Sources */,
				AEBED69E29818326004FA3CF /* ForgotPasswordView.swift in Sources */,
				AECC41AC297F5B1D0027D9AA /* AppCoordinator.swift in Sources */,
				AECC41A8297F5B1D0027D9AA /* AppDelegate.swift in Sources */,
				AEBED67D2980657A004FA3CF /* ConfirmSignUpViewModel.swift in Sources */,
				AEBED6882980C984004FA3CF /* RSecureField.swift in Sources */,
				AEBED699298178F1004FA3CF /* AuthHeaderView.swift in Sources */,
				AEBED67F298068EE004FA3CF /* CreateAccountCoordinator.swift in Sources */,
				AEBED6862980C948004FA3CF /* TextFieldRepresented.swift in Sources */,
				AE21AA5A2980648F00F6F591 /* ConfirmSignUpView.swift in Sources */,
				AEBED6972980E889004FA3CF /* View+extension.swift in Sources */,
				AE21AA12297F6A4400F6F591 /* Environment.swift in Sources */,
				AE21AA582980301700F6F591 /* Assets.swift in Sources */,
				AEBED68C2980DA35004FA3CF /* LoadingLabel.swift in Sources */,
				AEBED68A2980CB5B004FA3CF /* Unwrap.swift in Sources */,
				AE21AA2C297F6E6B00F6F591 /* AuthService.swift in Sources */,
				AE21AA06297F688500F6F591 /* HomeTabsCoordinator.swift in Sources */,
				AE21AA10297F6A0B00F6F591 /* AppEnvironment.swift in Sources */,
				AECC41AA297F5B1D0027D9AA /* SceneDelegate.swift in Sources */,
				AEBED6912980DBB7004FA3CF /* HiddenModifier.swift in Sources */,
				AE7FD5DA29819881003C5728 /* AuthGradientBackgroundView.swift in Sources */,
				AE21AA02297F662600F6F591 /* GeneratedRecipe.swift in Sources */,
				AE7FD5DF2981CAE2003C5728 /* AuthServiceEnums.swift in Sources */,
			);
			runOnlyForDeploymentPostprocessing = 0;
		};
		AECC41B6297F5B1E0027D9AA /* Sources */ = {
			isa = PBXSourcesBuildPhase;
			buildActionMask = 2147483647;
			files = (
				AECC41BF297F5B1E0027D9AA /* RecipesTests.swift in Sources */,
			);
			runOnlyForDeploymentPostprocessing = 0;
		};
		AECC41C0297F5B1E0027D9AA /* Sources */ = {
			isa = PBXSourcesBuildPhase;
			buildActionMask = 2147483647;
			files = (
				AECC41CB297F5B1E0027D9AA /* RecipesUITestsLaunchTests.swift in Sources */,
				AECC41C9297F5B1E0027D9AA /* RecipesUITests.swift in Sources */,
			);
			runOnlyForDeploymentPostprocessing = 0;
		};
/* End PBXSourcesBuildPhase section */

/* Begin PBXTargetDependency section */
		AECC41BC297F5B1E0027D9AA /* PBXTargetDependency */ = {
			isa = PBXTargetDependency;
			target = AECC41A3297F5B1D0027D9AA /* Recipes */;
			targetProxy = AECC41BB297F5B1E0027D9AA /* PBXContainerItemProxy */;
		};
		AECC41C6297F5B1E0027D9AA /* PBXTargetDependency */ = {
			isa = PBXTargetDependency;
			target = AECC41A3297F5B1D0027D9AA /* Recipes */;
			targetProxy = AECC41C5297F5B1E0027D9AA /* PBXContainerItemProxy */;
		};
/* End PBXTargetDependency section */

/* Begin PBXVariantGroup section */
		AECC41B2297F5B1E0027D9AA /* LaunchScreen.storyboard */ = {
			isa = PBXVariantGroup;
			children = (
				AECC41B3297F5B1E0027D9AA /* Base */,
			);
			name = LaunchScreen.storyboard;
			sourceTree = "<group>";
		};
/* End PBXVariantGroup section */

/* Begin XCBuildConfiguration section */
		AECC41CC297F5B1E0027D9AA /* Debug */ = {
			isa = XCBuildConfiguration;
			buildSettings = {
				ALWAYS_SEARCH_USER_PATHS = NO;
				CLANG_ANALYZER_NONNULL = YES;
				CLANG_ANALYZER_NUMBER_OBJECT_CONVERSION = YES_AGGRESSIVE;
				CLANG_CXX_LANGUAGE_STANDARD = "gnu++20";
				CLANG_ENABLE_MODULES = YES;
				CLANG_ENABLE_OBJC_ARC = YES;
				CLANG_ENABLE_OBJC_WEAK = YES;
				CLANG_WARN_BLOCK_CAPTURE_AUTORELEASING = YES;
				CLANG_WARN_BOOL_CONVERSION = YES;
				CLANG_WARN_COMMA = YES;
				CLANG_WARN_CONSTANT_CONVERSION = YES;
				CLANG_WARN_DEPRECATED_OBJC_IMPLEMENTATIONS = YES;
				CLANG_WARN_DIRECT_OBJC_ISA_USAGE = YES_ERROR;
				CLANG_WARN_DOCUMENTATION_COMMENTS = YES;
				CLANG_WARN_EMPTY_BODY = YES;
				CLANG_WARN_ENUM_CONVERSION = YES;
				CLANG_WARN_INFINITE_RECURSION = YES;
				CLANG_WARN_INT_CONVERSION = YES;
				CLANG_WARN_NON_LITERAL_NULL_CONVERSION = YES;
				CLANG_WARN_OBJC_IMPLICIT_RETAIN_SELF = YES;
				CLANG_WARN_OBJC_LITERAL_CONVERSION = YES;
				CLANG_WARN_OBJC_ROOT_CLASS = YES_ERROR;
				CLANG_WARN_QUOTED_INCLUDE_IN_FRAMEWORK_HEADER = YES;
				CLANG_WARN_RANGE_LOOP_ANALYSIS = YES;
				CLANG_WARN_STRICT_PROTOTYPES = YES;
				CLANG_WARN_SUSPICIOUS_MOVE = YES;
				CLANG_WARN_UNGUARDED_AVAILABILITY = YES_AGGRESSIVE;
				CLANG_WARN_UNREACHABLE_CODE = YES;
				CLANG_WARN__DUPLICATE_METHOD_MATCH = YES;
				COPY_PHASE_STRIP = NO;
				DEBUG_INFORMATION_FORMAT = dwarf;
				ENABLE_STRICT_OBJC_MSGSEND = YES;
				ENABLE_TESTABILITY = YES;
				GCC_C_LANGUAGE_STANDARD = gnu11;
				GCC_DYNAMIC_NO_PIC = NO;
				GCC_NO_COMMON_BLOCKS = YES;
				GCC_OPTIMIZATION_LEVEL = 0;
				GCC_PREPROCESSOR_DEFINITIONS = (
					"DEBUG=1",
					"$(inherited)",
				);
				GCC_WARN_64_TO_32_BIT_CONVERSION = YES;
				GCC_WARN_ABOUT_RETURN_TYPE = YES_ERROR;
				GCC_WARN_UNDECLARED_SELECTOR = YES;
				GCC_WARN_UNINITIALIZED_AUTOS = YES_AGGRESSIVE;
				GCC_WARN_UNUSED_FUNCTION = YES;
				GCC_WARN_UNUSED_VARIABLE = YES;
				IPHONEOS_DEPLOYMENT_TARGET = 16.1;
				MTL_ENABLE_DEBUG_INFO = INCLUDE_SOURCE;
				MTL_FAST_MATH = YES;
				ONLY_ACTIVE_ARCH = YES;
				SDKROOT = iphoneos;
				SWIFT_ACTIVE_COMPILATION_CONDITIONS = DEBUG;
				SWIFT_OPTIMIZATION_LEVEL = "-Onone";
			};
			name = Debug;
		};
		AECC41CD297F5B1E0027D9AA /* Release */ = {
			isa = XCBuildConfiguration;
			buildSettings = {
				ALWAYS_SEARCH_USER_PATHS = NO;
				CLANG_ANALYZER_NONNULL = YES;
				CLANG_ANALYZER_NUMBER_OBJECT_CONVERSION = YES_AGGRESSIVE;
				CLANG_CXX_LANGUAGE_STANDARD = "gnu++20";
				CLANG_ENABLE_MODULES = YES;
				CLANG_ENABLE_OBJC_ARC = YES;
				CLANG_ENABLE_OBJC_WEAK = YES;
				CLANG_WARN_BLOCK_CAPTURE_AUTORELEASING = YES;
				CLANG_WARN_BOOL_CONVERSION = YES;
				CLANG_WARN_COMMA = YES;
				CLANG_WARN_CONSTANT_CONVERSION = YES;
				CLANG_WARN_DEPRECATED_OBJC_IMPLEMENTATIONS = YES;
				CLANG_WARN_DIRECT_OBJC_ISA_USAGE = YES_ERROR;
				CLANG_WARN_DOCUMENTATION_COMMENTS = YES;
				CLANG_WARN_EMPTY_BODY = YES;
				CLANG_WARN_ENUM_CONVERSION = YES;
				CLANG_WARN_INFINITE_RECURSION = YES;
				CLANG_WARN_INT_CONVERSION = YES;
				CLANG_WARN_NON_LITERAL_NULL_CONVERSION = YES;
				CLANG_WARN_OBJC_IMPLICIT_RETAIN_SELF = YES;
				CLANG_WARN_OBJC_LITERAL_CONVERSION = YES;
				CLANG_WARN_OBJC_ROOT_CLASS = YES_ERROR;
				CLANG_WARN_QUOTED_INCLUDE_IN_FRAMEWORK_HEADER = YES;
				CLANG_WARN_RANGE_LOOP_ANALYSIS = YES;
				CLANG_WARN_STRICT_PROTOTYPES = YES;
				CLANG_WARN_SUSPICIOUS_MOVE = YES;
				CLANG_WARN_UNGUARDED_AVAILABILITY = YES_AGGRESSIVE;
				CLANG_WARN_UNREACHABLE_CODE = YES;
				CLANG_WARN__DUPLICATE_METHOD_MATCH = YES;
				COPY_PHASE_STRIP = NO;
				DEBUG_INFORMATION_FORMAT = "dwarf-with-dsym";
				ENABLE_NS_ASSERTIONS = NO;
				ENABLE_STRICT_OBJC_MSGSEND = YES;
				GCC_C_LANGUAGE_STANDARD = gnu11;
				GCC_NO_COMMON_BLOCKS = YES;
				GCC_WARN_64_TO_32_BIT_CONVERSION = YES;
				GCC_WARN_ABOUT_RETURN_TYPE = YES_ERROR;
				GCC_WARN_UNDECLARED_SELECTOR = YES;
				GCC_WARN_UNINITIALIZED_AUTOS = YES_AGGRESSIVE;
				GCC_WARN_UNUSED_FUNCTION = YES;
				GCC_WARN_UNUSED_VARIABLE = YES;
				IPHONEOS_DEPLOYMENT_TARGET = 16.1;
				MTL_ENABLE_DEBUG_INFO = NO;
				MTL_FAST_MATH = YES;
				SDKROOT = iphoneos;
				SWIFT_COMPILATION_MODE = wholemodule;
				SWIFT_OPTIMIZATION_LEVEL = "-O";
				VALIDATE_PRODUCT = YES;
			};
			name = Release;
		};
		AECC41CF297F5B1E0027D9AA /* Debug */ = {
			isa = XCBuildConfiguration;
			buildSettings = {
				ASSETCATALOG_COMPILER_APPICON_NAME = AppIcon;
				ASSETCATALOG_COMPILER_GLOBAL_ACCENT_COLOR_NAME = AccentColor;
				CODE_SIGN_STYLE = Automatic;
				CURRENT_PROJECT_VERSION = 1;
				DEVELOPMENT_TEAM = 7U2RR2TUT7;
				FRAMEWORK_SEARCH_PATHS = "";
				GENERATE_INFOPLIST_FILE = YES;
				INFOPLIST_FILE = Recipes/Info.plist;
				INFOPLIST_KEY_UIApplicationSupportsIndirectInputEvents = YES;
				INFOPLIST_KEY_UILaunchStoryboardName = LaunchScreen.storyboard;
				INFOPLIST_KEY_UIMainStoryboardFile = "";
				INFOPLIST_KEY_UISupportedInterfaceOrientations_iPad = "UIInterfaceOrientationPortrait UIInterfaceOrientationPortraitUpsideDown UIInterfaceOrientationLandscapeLeft UIInterfaceOrientationLandscapeRight";
				INFOPLIST_KEY_UISupportedInterfaceOrientations_iPhone = "UIInterfaceOrientationPortrait UIInterfaceOrientationLandscapeLeft UIInterfaceOrientationLandscapeRight";
				LD_RUNPATH_SEARCH_PATHS = (
					"$(inherited)",
					"@executable_path/Frameworks",
				);
				MARKETING_VERSION = 1.0;
				PRODUCT_BUNDLE_IDENTIFIER = com.akashDesai.Recipes;
				PRODUCT_NAME = "$(TARGET_NAME)";
				SWIFT_EMIT_LOC_STRINGS = YES;
				SWIFT_VERSION = 5.0;
				TARGETED_DEVICE_FAMILY = "1,2";
			};
			name = Debug;
		};
		AECC41D0297F5B1E0027D9AA /* Release */ = {
			isa = XCBuildConfiguration;
			buildSettings = {
				ASSETCATALOG_COMPILER_APPICON_NAME = AppIcon;
				ASSETCATALOG_COMPILER_GLOBAL_ACCENT_COLOR_NAME = AccentColor;
				CODE_SIGN_STYLE = Automatic;
				CURRENT_PROJECT_VERSION = 1;
				DEVELOPMENT_TEAM = 7U2RR2TUT7;
				FRAMEWORK_SEARCH_PATHS = "";
				GENERATE_INFOPLIST_FILE = YES;
				INFOPLIST_FILE = Recipes/Info.plist;
				INFOPLIST_KEY_UIApplicationSupportsIndirectInputEvents = YES;
				INFOPLIST_KEY_UILaunchStoryboardName = LaunchScreen.storyboard;
				INFOPLIST_KEY_UIMainStoryboardFile = "";
				INFOPLIST_KEY_UISupportedInterfaceOrientations_iPad = "UIInterfaceOrientationPortrait UIInterfaceOrientationPortraitUpsideDown UIInterfaceOrientationLandscapeLeft UIInterfaceOrientationLandscapeRight";
				INFOPLIST_KEY_UISupportedInterfaceOrientations_iPhone = "UIInterfaceOrientationPortrait UIInterfaceOrientationLandscapeLeft UIInterfaceOrientationLandscapeRight";
				LD_RUNPATH_SEARCH_PATHS = (
					"$(inherited)",
					"@executable_path/Frameworks",
				);
				MARKETING_VERSION = 1.0;
				PRODUCT_BUNDLE_IDENTIFIER = com.akashDesai.Recipes;
				PRODUCT_NAME = "$(TARGET_NAME)";
				SWIFT_EMIT_LOC_STRINGS = YES;
				SWIFT_VERSION = 5.0;
				TARGETED_DEVICE_FAMILY = "1,2";
			};
			name = Release;
		};
		AECC41D2297F5B1E0027D9AA /* Debug */ = {
			isa = XCBuildConfiguration;
			buildSettings = {
				ALWAYS_EMBED_SWIFT_STANDARD_LIBRARIES = YES;
				BUNDLE_LOADER = "$(TEST_HOST)";
				CODE_SIGN_STYLE = Automatic;
				CURRENT_PROJECT_VERSION = 1;
				DEVELOPMENT_TEAM = 7U2RR2TUT7;
				GENERATE_INFOPLIST_FILE = YES;
				IPHONEOS_DEPLOYMENT_TARGET = 16.2;
				MARKETING_VERSION = 1.0;
				PRODUCT_BUNDLE_IDENTIFIER = com.akashDesai.RecipesTests;
				PRODUCT_NAME = "$(TARGET_NAME)";
				SWIFT_EMIT_LOC_STRINGS = NO;
				SWIFT_VERSION = 5.0;
				TARGETED_DEVICE_FAMILY = "1,2";
				TEST_HOST = "$(BUILT_PRODUCTS_DIR)/Recipes.app/$(BUNDLE_EXECUTABLE_FOLDER_PATH)/Recipes";
			};
			name = Debug;
		};
		AECC41D3297F5B1E0027D9AA /* Release */ = {
			isa = XCBuildConfiguration;
			buildSettings = {
				ALWAYS_EMBED_SWIFT_STANDARD_LIBRARIES = YES;
				BUNDLE_LOADER = "$(TEST_HOST)";
				CODE_SIGN_STYLE = Automatic;
				CURRENT_PROJECT_VERSION = 1;
				DEVELOPMENT_TEAM = 7U2RR2TUT7;
				GENERATE_INFOPLIST_FILE = YES;
				IPHONEOS_DEPLOYMENT_TARGET = 16.2;
				MARKETING_VERSION = 1.0;
				PRODUCT_BUNDLE_IDENTIFIER = com.akashDesai.RecipesTests;
				PRODUCT_NAME = "$(TARGET_NAME)";
				SWIFT_EMIT_LOC_STRINGS = NO;
				SWIFT_VERSION = 5.0;
				TARGETED_DEVICE_FAMILY = "1,2";
				TEST_HOST = "$(BUILT_PRODUCTS_DIR)/Recipes.app/$(BUNDLE_EXECUTABLE_FOLDER_PATH)/Recipes";
			};
			name = Release;
		};
		AECC41D5297F5B1E0027D9AA /* Debug */ = {
			isa = XCBuildConfiguration;
			buildSettings = {
				ALWAYS_EMBED_SWIFT_STANDARD_LIBRARIES = YES;
				CODE_SIGN_STYLE = Automatic;
				CURRENT_PROJECT_VERSION = 1;
				DEVELOPMENT_TEAM = 7U2RR2TUT7;
				GENERATE_INFOPLIST_FILE = YES;
				MARKETING_VERSION = 1.0;
				PRODUCT_BUNDLE_IDENTIFIER = com.akashDesai.RecipesUITests;
				PRODUCT_NAME = "$(TARGET_NAME)";
				SWIFT_EMIT_LOC_STRINGS = NO;
				SWIFT_VERSION = 5.0;
				TARGETED_DEVICE_FAMILY = "1,2";
				TEST_TARGET_NAME = Recipes;
			};
			name = Debug;
		};
		AECC41D6297F5B1E0027D9AA /* Release */ = {
			isa = XCBuildConfiguration;
			buildSettings = {
				ALWAYS_EMBED_SWIFT_STANDARD_LIBRARIES = YES;
				CODE_SIGN_STYLE = Automatic;
				CURRENT_PROJECT_VERSION = 1;
				DEVELOPMENT_TEAM = 7U2RR2TUT7;
				GENERATE_INFOPLIST_FILE = YES;
				MARKETING_VERSION = 1.0;
				PRODUCT_BUNDLE_IDENTIFIER = com.akashDesai.RecipesUITests;
				PRODUCT_NAME = "$(TARGET_NAME)";
				SWIFT_EMIT_LOC_STRINGS = NO;
				SWIFT_VERSION = 5.0;
				TARGETED_DEVICE_FAMILY = "1,2";
				TEST_TARGET_NAME = Recipes;
			};
			name = Release;
		};
/* End XCBuildConfiguration section */

/* Begin XCConfigurationList section */
		AECC419F297F5B1D0027D9AA /* Build configuration list for PBXProject "Recipes" */ = {
			isa = XCConfigurationList;
			buildConfigurations = (
				AECC41CC297F5B1E0027D9AA /* Debug */,
				AECC41CD297F5B1E0027D9AA /* Release */,
			);
			defaultConfigurationIsVisible = 0;
			defaultConfigurationName = Release;
		};
		AECC41CE297F5B1E0027D9AA /* Build configuration list for PBXNativeTarget "Recipes" */ = {
			isa = XCConfigurationList;
			buildConfigurations = (
				AECC41CF297F5B1E0027D9AA /* Debug */,
				AECC41D0297F5B1E0027D9AA /* Release */,
			);
			defaultConfigurationIsVisible = 0;
			defaultConfigurationName = Release;
		};
		AECC41D1297F5B1E0027D9AA /* Build configuration list for PBXNativeTarget "RecipesTests" */ = {
			isa = XCConfigurationList;
			buildConfigurations = (
				AECC41D2297F5B1E0027D9AA /* Debug */,
				AECC41D3297F5B1E0027D9AA /* Release */,
			);
			defaultConfigurationIsVisible = 0;
			defaultConfigurationName = Release;
		};
		AECC41D4297F5B1E0027D9AA /* Build configuration list for PBXNativeTarget "RecipesUITests" */ = {
			isa = XCConfigurationList;
			buildConfigurations = (
				AECC41D5297F5B1E0027D9AA /* Debug */,
				AECC41D6297F5B1E0027D9AA /* Release */,
			);
			defaultConfigurationIsVisible = 0;
			defaultConfigurationName = Release;
		};
/* End XCConfigurationList section */

/* Begin XCRemoteSwiftPackageReference section */
		AE21AA3D2980121A00F6F591 /* XCRemoteSwiftPackageReference "amplify-swift" */ = {
			isa = XCRemoteSwiftPackageReference;
			repositoryURL = "https://github.com/aws-amplify/amplify-swift";
			requirement = {
				branch = main;
				kind = branch;
			};
		};
/* End XCRemoteSwiftPackageReference section */

/* Begin XCSwiftPackageProductDependency section */
		AE21AA3E2980121A00F6F591 /* AWSAPIPlugin */ = {
			isa = XCSwiftPackageProductDependency;
			package = AE21AA3D2980121A00F6F591 /* XCRemoteSwiftPackageReference "amplify-swift" */;
			productName = AWSAPIPlugin;
		};
		AE21AA402980121A00F6F591 /* AWSCognitoAuthPlugin */ = {
			isa = XCSwiftPackageProductDependency;
			package = AE21AA3D2980121A00F6F591 /* XCRemoteSwiftPackageReference "amplify-swift" */;
			productName = AWSCognitoAuthPlugin;
		};
		AE21AA422980121A00F6F591 /* AWSDataStorePlugin */ = {
			isa = XCSwiftPackageProductDependency;
			package = AE21AA3D2980121A00F6F591 /* XCRemoteSwiftPackageReference "amplify-swift" */;
			productName = AWSDataStorePlugin;
		};
		AE21AA442980121A00F6F591 /* Amplify */ = {
			isa = XCSwiftPackageProductDependency;
			package = AE21AA3D2980121A00F6F591 /* XCRemoteSwiftPackageReference "amplify-swift" */;
			productName = Amplify;
		};
/* End XCSwiftPackageProductDependency section */
	};
	rootObject = AECC419C297F5B1D0027D9AA /* Project object */;
}
